
Microsoft Visual Studio Solution File, Format Version 12.00
# Visual Studio Version 16
VisualStudioVersion = 16.0.31613.86
MinimumVisualStudioVersion = 10.0.40219.1
Project("{2150E333-8FDC-42A3-9474-1A3956D46DE8}") = "Calculator", "Calculator", "{DBF6E927-3002-4689-B7DB-5B7E2D64B5A4}"
	ProjectSection(SolutionItems) = preProject
		Calculator\build.ps1 = Calculator\build.ps1
		Calculator\buildAndDeploy.ps1 = Calculator\buildAndDeploy.ps1
		Calculator\delete.ps1 = Calculator\delete.ps1
		Calculator\skaffold.yaml = Calculator\skaffold.yaml
		Calculator\values.integration.yaml = Calculator\values.integration.yaml
		Calculator\values.local.yaml = Calculator\values.local.yaml
	EndProjectSection
EndProject
Project("{2150E333-8FDC-42A3-9474-1A3956D46DE8}") = "charts", "charts", "{C6245D9B-86F9-46C7-9A04-E7CB5346BB22}"
EndProject
Project("{2150E333-8FDC-42A3-9474-1A3956D46DE8}") = "calculator", "calculator", "{4B7F02FD-1C12-4F30-83A2-00B3C0ABDB57}"
	ProjectSection(SolutionItems) = preProject
		Calculator\charts\calculator\.helmignore = Calculator\charts\calculator\.helmignore
		Calculator\charts\calculator\Chart.yaml = Calculator\charts\calculator\Chart.yaml
		Calculator\charts\calculator\values.yaml = Calculator\charts\calculator\values.yaml
	EndProjectSection
EndProject
Project("{2150E333-8FDC-42A3-9474-1A3956D46DE8}") = "templates", "templates", "{E014F565-1C8B-422D-A50B-61606454B8CF}"
	ProjectSection(SolutionItems) = preProject
		Calculator\charts\calculator\templates\_helpers.tpl = Calculator\charts\calculator\templates\_helpers.tpl
		Calculator\charts\calculator\templates\api-deployment.yaml = Calculator\charts\calculator\templates\api-deployment.yaml
		Calculator\charts\calculator\templates\api-ingress.yaml = Calculator\charts\calculator\templates\api-ingress.yaml
		Calculator\charts\calculator\templates\api-service.yaml = Calculator\charts\calculator\templates\api-service.yaml
	EndProjectSection
EndProject
Project("{9A19103F-16F7-4668-BE54-9A1E7A4F7556}") = "Calculator.Api", "Calculator\Calculator.Api\Calculator.Api.csproj", "{29FB76E6-2195-421E-AD8C-5FE3178C0833}"
EndProject
Project("{FAE04EC0-301F-11D3-BF4B-00C04F79EFBC}") = "Calculator.Services", "Calculator\Calculator.Services\Calculator.Services.csproj", "{2A58166A-96A4-4E4D-8D7C-13CE2C9DC5C0}"
EndProject
Global
	GlobalSection(SolutionConfigurationPlatforms) = preSolution
		Debug|Any CPU = Debug|Any CPU
		Release|Any CPU = Release|Any CPU
	EndGlobalSection
	GlobalSection(ProjectConfigurationPlatforms) = postSolution
		{29FB76E6-2195-421E-AD8C-5FE3178C0833}.Debug|Any CPU.ActiveCfg = Debug|Any CPU
		{29FB76E6-2195-421E-AD8C-5FE3178C0833}.Debug|Any CPU.Build.0 = Debug|Any CPU
		{29FB76E6-2195-421E-AD8C-5FE3178C0833}.Release|Any CPU.ActiveCfg = Release|Any CPU
		{29FB76E6-2195-421E-AD8C-5FE3178C0833}.Release|Any CPU.Build.0 = Release|Any CPU
		{2A58166A-96A4-4E4D-8D7C-13CE2C9DC5C0}.Debug|Any CPU.ActiveCfg = Debug|Any CPU
		{2A58166A-96A4-4E4D-8D7C-13CE2C9DC5C0}.Debug|Any CPU.Build.0 = Debug|Any CPU
		{2A58166A-96A4-4E4D-8D7C-13CE2C9DC5C0}.Release|Any CPU.ActiveCfg = Release|Any CPU
		{2A58166A-96A4-4E4D-8D7C-13CE2C9DC5C0}.Release|Any CPU.Build.0 = Release|Any CPU
	EndGlobalSection
	GlobalSection(SolutionProperties) = preSolution
		HideSolutionNode = FALSE
	EndGlobalSection
	GlobalSection(NestedProjects) = preSolution
		{C6245D9B-86F9-46C7-9A04-E7CB5346BB22} = {DBF6E927-3002-4689-B7DB-5B7E2D64B5A4}
		{4B7F02FD-1C12-4F30-83A2-00B3C0ABDB57} = {C6245D9B-86F9-46C7-9A04-E7CB5346BB22}
		{E014F565-1C8B-422D-A50B-61606454B8CF} = {4B7F02FD-1C12-4F30-83A2-00B3C0ABDB57}
		{29FB76E6-2195-421E-AD8C-5FE3178C0833} = {DBF6E927-3002-4689-B7DB-5B7E2D64B5A4}
		{2A58166A-96A4-4E4D-8D7C-13CE2C9DC5C0} = {DBF6E927-3002-4689-B7DB-5B7E2D64B5A4}
	EndGlobalSection
	GlobalSection(ExtensibilityGlobals) = postSolution
		SolutionGuid = {E54D7D52-1553-4859-99B4-7A83A991F1BB}
	EndGlobalSection
EndGlobal
